// !$*UTF8*$!
{
	archiveVersion = 1;
	classes = {
	};
	objectVersion = 56;
	objects = {

/* Begin PBXBuildFile section */
		2040B5EF2BA8CAE400BFF794 /* Event.swift in Sources */ = {isa = PBXBuildFile; fileRef = 2040B5EE2BA8CAE400BFF794 /* Event.swift */; };
		2040B5F12BA8CE0E00BFF794 /* Nonprofit.swift in Sources */ = {isa = PBXBuildFile; fileRef = 2040B5F02BA8CE0E00BFF794 /* Nonprofit.swift */; };
		209081EE2BA8B9B200441F30 /* OceanPlasticsDemoApp.swift in Sources */ = {isa = PBXBuildFile; fileRef = 209081ED2BA8B9B200441F30 /* OceanPlasticsDemoApp.swift */; };
		209081F02BA8B9B200441F30 /* HomeView.swift in Sources */ = {isa = PBXBuildFile; fileRef = 209081EF2BA8B9B200441F30 /* HomeView.swift */; };
		209081F42BA8B9B300441F30 /* Assets.xcassets in Resources */ = {isa = PBXBuildFile; fileRef = 209081F32BA8B9B300441F30 /* Assets.xcassets */; };
		209081F72BA8B9B300441F30 /* Preview Assets.xcassets in Resources */ = {isa = PBXBuildFile; fileRef = 209081F62BA8B9B300441F30 /* Preview Assets.xcassets */; };
		209081FE2BA8BBEC00441F30 /* TabbedView.swift in Sources */ = {isa = PBXBuildFile; fileRef = 209081FD2BA8BBEC00441F30 /* TabbedView.swift */; };
		209082002BA8BD4400441F30 /* UpcomingEventsView.swift in Sources */ = {isa = PBXBuildFile; fileRef = 209081FF2BA8BD4400441F30 /* UpcomingEventsView.swift */; };
		209082022BA8BD8700441F30 /* AccountView.swift in Sources */ = {isa = PBXBuildFile; fileRef = 209082012BA8BD8700441F30 /* AccountView.swift */; };
		209082042BA8BE0400441F30 /* NonprofitView.swift in Sources */ = {isa = PBXBuildFile; fileRef = 209082032BA8BE0400441F30 /* NonprofitView.swift */; };
		209082062BA8BE3800441F30 /* EventView.swift in Sources */ = {isa = PBXBuildFile; fileRef = 209082052BA8BE3800441F30 /* EventView.swift */; };
		209082082BA8BEB300441F30 /* CardView.swift in Sources */ = {isa = PBXBuildFile; fileRef = 209082072BA8BEB300441F30 /* CardView.swift */; };
/* End PBXBuildFile section */

/* Begin PBXFileReference section */
		2040B5EE2BA8CAE400BFF794 /* Event.swift */ = {isa = PBXFileReference; lastKnownFileType = sourcecode.swift; path = Event.swift; sourceTree = "<group>"; };
		2040B5F02BA8CE0E00BFF794 /* Nonprofit.swift */ = {isa = PBXFileReference; lastKnownFileType = sourcecode.swift; path = Nonprofit.swift; sourceTree = "<group>"; };
		209081EA2BA8B9B200441F30 /* OceanPlasticsDemo.app */ = {isa = PBXFileReference; explicitFileType = wrapper.application; includeInIndex = 0; path = OceanPlasticsDemo.app; sourceTree = BUILT_PRODUCTS_DIR; };
		209081ED2BA8B9B200441F30 /* OceanPlasticsDemoApp.swift */ = {isa = PBXFileReference; lastKnownFileType = sourcecode.swift; path = OceanPlasticsDemoApp.swift; sourceTree = "<group>"; };
		209081EF2BA8B9B200441F30 /* HomeView.swift */ = {isa = PBXFileReference; lastKnownFileType = sourcecode.swift; path = HomeView.swift; sourceTree = "<group>"; };
		209081F32BA8B9B300441F30 /* Assets.xcassets */ = {isa = PBXFileReference; lastKnownFileType = folder.assetcatalog; path = Assets.xcassets; sourceTree = "<group>"; };
		209081F62BA8B9B300441F30 /* Preview Assets.xcassets */ = {isa = PBXFileReference; lastKnownFileType = folder.assetcatalog; path = "Preview Assets.xcassets"; sourceTree = "<group>"; };
		209081FD2BA8BBEC00441F30 /* TabbedView.swift */ = {isa = PBXFileReference; lastKnownFileType = sourcecode.swift; path = TabbedView.swift; sourceTree = "<group>"; };
		209081FF2BA8BD4400441F30 /* UpcomingEventsView.swift */ = {isa = PBXFileReference; lastKnownFileType = sourcecode.swift; path = UpcomingEventsView.swift; sourceTree = "<group>"; };
		209082012BA8BD8700441F30 /* AccountView.swift */ = {isa = PBXFileReference; lastKnownFileType = sourcecode.swift; path = AccountView.swift; sourceTree = "<group>"; };
		209082032BA8BE0400441F30 /* NonprofitView.swift */ = {isa = PBXFileReference; lastKnownFileType = sourcecode.swift; path = NonprofitView.swift; sourceTree = "<group>"; };
		209082052BA8BE3800441F30 /* EventView.swift */ = {isa = PBXFileReference; lastKnownFileType = sourcecode.swift; path = EventView.swift; sourceTree = "<group>"; };
		209082072BA8BEB300441F30 /* CardView.swift */ = {isa = PBXFileReference; lastKnownFileType = sourcecode.swift; path = CardView.swift; sourceTree = "<group>"; };
/* End PBXFileReference section */

/* Begin PBXFrameworksBuildPhase section */
		209081E72BA8B9B200441F30 /* Frameworks */ = {
			isa = PBXFrameworksBuildPhase;
			buildActionMask = 2147483647;
			files = (
			);
			runOnlyForDeploymentPostprocessing = 0;
		};
/* End PBXFrameworksBuildPhase section */

/* Begin PBXGroup section */
		2040B5ED2BA8CAD100BFF794 /* Models */ = {
			isa = PBXGroup;
			children = (
				2040B5EE2BA8CAE400BFF794 /* Event.swift */,
				2040B5F02BA8CE0E00BFF794 /* Nonprofit.swift */,
			);
			path = Models;
			sourceTree = "<group>";
		};
		209081E12BA8B9B200441F30 = {
			isa = PBXGroup;
			children = (
				209081EC2BA8B9B200441F30 /* OceanPlasticsDemo */,
				209081EB2BA8B9B200441F30 /* Products */,
			);
			sourceTree = "<group>";
		};
		209081EB2BA8B9B200441F30 /* Products */ = {
			isa = PBXGroup;
			children = (
				209081EA2BA8B9B200441F30 /* OceanPlasticsDemo.app */,
			);
			name = Products;
			sourceTree = "<group>";
		};
		209081EC2BA8B9B200441F30 /* OceanPlasticsDemo */ = {
			isa = PBXGroup;
			children = (
				2040B5ED2BA8CAD100BFF794 /* Models */,
				209081ED2BA8B9B200441F30 /* OceanPlasticsDemoApp.swift */,
				209081EF2BA8B9B200441F30 /* HomeView.swift */,
				209081F32BA8B9B300441F30 /* Assets.xcassets */,
				209081F52BA8B9B300441F30 /* Preview Content */,
				209081FD2BA8BBEC00441F30 /* TabbedView.swift */,
				209081FF2BA8BD4400441F30 /* UpcomingEventsView.swift */,
				209082012BA8BD8700441F30 /* AccountView.swift */,
				209082032BA8BE0400441F30 /* NonprofitView.swift */,
				209082052BA8BE3800441F30 /* EventView.swift */,
				209082072BA8BEB300441F30 /* CardView.swift */,
			);
			path = OceanPlasticsDemo;
			sourceTree = "<group>";
		};
		209081F52BA8B9B300441F30 /* Preview Content */ = {
			isa = PBXGroup;
			children = (
				209081F62BA8B9B300441F30 /* Preview Assets.xcassets */,
			);
			path = "Preview Content";
			sourceTree = "<group>";
		};
/* End PBXGroup section */

/* Begin PBXNativeTarget section */
		209081E92BA8B9B200441F30 /* OceanPlasticsDemo */ = {
			isa = PBXNativeTarget;
			buildConfigurationList = 209081FA2BA8B9B300441F30 /* Build configuration list for PBXNativeTarget "OceanPlasticsDemo" */;
			buildPhases = (
				209081E62BA8B9B200441F30 /* Sources */,
				209081E72BA8B9B200441F30 /* Frameworks */,
				209081E82BA8B9B200441F30 /* Resources */,
			);
			buildRules = (
			);
			dependencies = (
			);
			name = OceanPlasticsDemo;
			productName = OceanPlasticsDemo;
			productReference = 209081EA2BA8B9B200441F30 /* OceanPlasticsDemo.app */;
			productType = "com.apple.product-type.application";
		};
/* End PBXNativeTarget section */

/* Begin PBXProject section */
		209081E22BA8B9B200441F30 /* Project object */ = {
			isa = PBXProject;
			attributes = {
				BuildIndependentTargetsInParallel = 1;
				LastSwiftUpdateCheck = 1520;
				LastUpgradeCheck = 1520;
				TargetAttributes = {
					209081E92BA8B9B200441F30 = {
						CreatedOnToolsVersion = 15.2;
					};
				};
			};
			buildConfigurationList = 209081E52BA8B9B200441F30 /* Build configuration list for PBXProject "OceanPlasticsDemo" */;
			compatibilityVersion = "Xcode 14.0";
			developmentRegion = en;
			hasScannedForEncodings = 0;
			knownRegions = (
				en,
				Base,
			);
			mainGroup = 209081E12BA8B9B200441F30;
			productRefGroup = 209081EB2BA8B9B200441F30 /* Products */;
			projectDirPath = "";
			projectRoot = "";
			targets = (
				209081E92BA8B9B200441F30 /* OceanPlasticsDemo */,
			);
		};
/* End PBXProject section */

/* Begin PBXResourcesBuildPhase section */
		209081E82BA8B9B200441F30 /* Resources */ = {
			isa = PBXResourcesBuildPhase;
			buildActionMask = 2147483647;
			files = (
				209081F72BA8B9B300441F30 /* Preview Assets.xcassets in Resources */,
				209081F42BA8B9B300441F30 /* Assets.xcassets in Resources */,
			);
			runOnlyForDeploymentPostprocessing = 0;
		};
/* End PBXResourcesBuildPhase section */

/* Begin PBXSourcesBuildPhase section */
		209081E62BA8B9B200441F30 /* Sources */ = {
			isa = PBXSourcesBuildPhase;
			buildActionMask = 2147483647;
			files = (
				209081F02BA8B9B200441F30 /* HomeView.swift in Sources */,
				2040B5EF2BA8CAE400BFF794 /* Event.swift in Sources */,
				209082062BA8BE3800441F30 /* EventView.swift in Sources */,
				209082002BA8BD4400441F30 /* UpcomingEventsView.swift in Sources */,
				209081FE2BA8BBEC00441F30 /* TabbedView.swift in Sources */,
				209081EE2BA8B9B200441F30 /* OceanPlasticsDemoApp.swift in Sources */,
				209082042BA8BE0400441F30 /* NonprofitView.swift in Sources */,
				209082082BA8BEB300441F30 /* CardView.swift in Sources */,
				209082022BA8BD8700441F30 /* AccountView.swift in Sources */,
				2040B5F12BA8CE0E00BFF794 /* Nonprofit.swift in Sources */,
			);
			runOnlyForDeploymentPostprocessing = 0;
		};
/* End PBXSourcesBuildPhase section */

/* Begin XCBuildConfiguration section */
		209081F82BA8B9B300441F30 /* Debug */ = {
			isa = XCBuildConfiguration;
			buildSettings = {
				ALWAYS_SEARCH_USER_PATHS = NO;
				ASSETCATALOG_COMPILER_GENERATE_SWIFT_ASSET_SYMBOL_EXTENSIONS = YES;
				CLANG_ANALYZER_NONNULL = YES;
				CLANG_ANALYZER_NUMBER_OBJECT_CONVERSION = YES_AGGRESSIVE;
				CLANG_CXX_LANGUAGE_STANDARD = "gnu++20";
				CLANG_ENABLE_MODULES = YES;
				CLANG_ENABLE_OBJC_ARC = YES;
				CLANG_ENABLE_OBJC_WEAK = YES;
				CLANG_WARN_BLOCK_CAPTURE_AUTORELEASING = YES;
				CLANG_WARN_BOOL_CONVERSION = YES;
				CLANG_WARN_COMMA = YES;
				CLANG_WARN_CONSTANT_CONVERSION = YES;
				CLANG_WARN_DEPRECATED_OBJC_IMPLEMENTATIONS = YES;
				CLANG_WARN_DIRECT_OBJC_ISA_USAGE = YES_ERROR;
				CLANG_WARN_DOCUMENTATION_COMMENTS = YES;
				CLANG_WARN_EMPTY_BODY = YES;
				CLANG_WARN_ENUM_CONVERSION = YES;
				CLANG_WARN_INFINITE_RECURSION = YES;
				CLANG_WARN_INT_CONVERSION = YES;
				CLANG_WARN_NON_LITERAL_NULL_CONVERSION = YES;
				CLANG_WARN_OBJC_IMPLICIT_RETAIN_SELF = YES;
				CLANG_WARN_OBJC_LITERAL_CONVERSION = YES;
				CLANG_WARN_OBJC_ROOT_CLASS = YES_ERROR;
				CLANG_WARN_QUOTED_INCLUDE_IN_FRAMEWORK_HEADER = YES;
				CLANG_WARN_RANGE_LOOP_ANALYSIS = YES;
				CLANG_WARN_STRICT_PROTOTYPES = YES;
				CLANG_WARN_SUSPICIOUS_MOVE = YES;
				CLANG_WARN_UNGUARDED_AVAILABILITY = YES_AGGRESSIVE;
				CLANG_WARN_UNREACHABLE_CODE = YES;
				CLANG_WARN__DUPLICATE_METHOD_MATCH = YES;
				COPY_PHASE_STRIP = NO;
				DEBUG_INFORMATION_FORMAT = dwarf;
				ENABLE_STRICT_OBJC_MSGSEND = YES;
				ENABLE_TESTABILITY = YES;
				ENABLE_USER_SCRIPT_SANDBOXING = YES;
				GCC_C_LANGUAGE_STANDARD = gnu17;
				GCC_DYNAMIC_NO_PIC = NO;
				GCC_NO_COMMON_BLOCKS = YES;
				GCC_OPTIMIZATION_LEVEL = 0;
				GCC_PREPROCESSOR_DEFINITIONS = (
					"DEBUG=1",
					"$(inherited)",
				);
				GCC_WARN_64_TO_32_BIT_CONVERSION = YES;
				GCC_WARN_ABOUT_RETURN_TYPE = YES_ERROR;
				GCC_WARN_UNDECLARED_SELECTOR = YES;
				GCC_WARN_UNINITIALIZED_AUTOS = YES_AGGRESSIVE;
				GCC_WARN_UNUSED_FUNCTION = YES;
				GCC_WARN_UNUSED_VARIABLE = YES;
				IPHONEOS_DEPLOYMENT_TARGET = 17.2;
				LOCALIZATION_PREFERS_STRING_CATALOGS = YES;
				MTL_ENABLE_DEBUG_INFO = INCLUDE_SOURCE;
				MTL_FAST_MATH = YES;
				ONLY_ACTIVE_ARCH = YES;
				SDKROOT = iphoneos;
				SWIFT_ACTIVE_COMPILATION_CONDITIONS = "DEBUG $(inherited)";
				SWIFT_OPTIMIZATION_LEVEL = "-Onone";
			};
			name = Debug;
		};
		209081F92BA8B9B300441F30 /* Release */ = {
			isa = XCBuildConfiguration;
			buildSettings = {
				ALWAYS_SEARCH_USER_PATHS = NO;
				ASSETCATALOG_COMPILER_GENERATE_SWIFT_ASSET_SYMBOL_EXTENSIONS = YES;
				CLANG_ANALYZER_NONNULL = YES;
				CLANG_ANALYZER_NUMBER_OBJECT_CONVERSION = YES_AGGRESSIVE;
				CLANG_CXX_LANGUAGE_STANDARD = "gnu++20";
				CLANG_ENABLE_MODULES = YES;
				CLANG_ENABLE_OBJC_ARC = YES;
				CLANG_ENABLE_OBJC_WEAK = YES;
				CLANG_WARN_BLOCK_CAPTURE_AUTORELEASING = YES;
				CLANG_WARN_BOOL_CONVERSION = YES;
				CLANG_WARN_COMMA = YES;
				CLANG_WARN_CONSTANT_CONVERSION = YES;
				CLANG_WARN_DEPRECATED_OBJC_IMPLEMENTATIONS = YES;
				CLANG_WARN_DIRECT_OBJC_ISA_USAGE = YES_ERROR;
				CLANG_WARN_DOCUMENTATION_COMMENTS = YES;
				CLANG_WARN_EMPTY_BODY = YES;
				CLANG_WARN_ENUM_CONVERSION = YES;
				CLANG_WARN_INFINITE_RECURSION = YES;
				CLANG_WARN_INT_CONVERSION = YES;
				CLANG_WARN_NON_LITERAL_NULL_CONVERSION = YES;
				CLANG_WARN_OBJC_IMPLICIT_RETAIN_SELF = YES;
				CLANG_WARN_OBJC_LITERAL_CONVERSION = YES;
				CLANG_WARN_OBJC_ROOT_CLASS = YES_ERROR;
				CLANG_WARN_QUOTED_INCLUDE_IN_FRAMEWORK_HEADER = YES;
				CLANG_WARN_RANGE_LOOP_ANALYSIS = YES;
				CLANG_WARN_STRICT_PROTOTYPES = YES;
				CLANG_WARN_SUSPICIOUS_MOVE = YES;
				CLANG_WARN_UNGUARDED_AVAILABILITY = YES_AGGRESSIVE;
				CLANG_WARN_UNREACHABLE_CODE = YES;
				CLANG_WARN__DUPLICATE_METHOD_MATCH = YES;
				COPY_PHASE_STRIP = NO;
				DEBUG_INFORMATION_FORMAT = "dwarf-with-dsym";
				ENABLE_NS_ASSERTIONS = NO;
				ENABLE_STRICT_OBJC_MSGSEND = YES;
				ENABLE_USER_SCRIPT_SANDBOXING = YES;
				GCC_C_LANGUAGE_STANDARD = gnu17;
				GCC_NO_COMMON_BLOCKS = YES;
				GCC_WARN_64_TO_32_BIT_CONVERSION = YES;
				GCC_WARN_ABOUT_RETURN_TYPE = YES_ERROR;
				GCC_WARN_UNDECLARED_SELECTOR = YES;
				GCC_WARN_UNINITIALIZED_AUTOS = YES_AGGRESSIVE;
				GCC_WARN_UNUSED_FUNCTION = YES;
				GCC_WARN_UNUSED_VARIABLE = YES;
				IPHONEOS_DEPLOYMENT_TARGET = 17.2;
				LOCALIZATION_PREFERS_STRING_CATALOGS = YES;
				MTL_ENABLE_DEBUG_INFO = NO;
				MTL_FAST_MATH = YES;
				SDKROOT = iphoneos;
				SWIFT_COMPILATION_MODE = wholemodule;
				VALIDATE_PRODUCT = YES;
			};
			name = Release;
		};
		209081FB2BA8B9B300441F30 /* Debug */ = {
			isa = XCBuildConfiguration;
			buildSettings = {
				ASSETCATALOG_COMPILER_APPICON_NAME = AppIcon;
				ASSETCATALOG_COMPILER_GLOBAL_ACCENT_COLOR_NAME = AccentColor;
				CODE_SIGN_STYLE = Automatic;
				CURRENT_PROJECT_VERSION = 1;
				DEVELOPMENT_ASSET_PATHS = "\"OceanPlasticsDemo/Preview Content\"";
				DEVELOPMENT_TEAM = 4A9XHUS87Q;
				ENABLE_PREVIEWS = YES;
				GENERATE_INFOPLIST_FILE = YES;
				INFOPLIST_KEY_UIApplicationSceneManifest_Generation = YES;
				INFOPLIST_KEY_UIApplicationSupportsIndirectInputEvents = YES;
				INFOPLIST_KEY_UILaunchScreen_Generation = YES;
				INFOPLIST_KEY_UISupportedInterfaceOrientations_iPad = "UIInterfaceOrientationPortrait UIInterfaceOrientationPortraitUpsideDown UIInterfaceOrientationLandscapeLeft UIInterfaceOrientationLandscapeRight";
				INFOPLIST_KEY_UISupportedInterfaceOrientations_iPhone = "UIInterfaceOrientationPortrait UIInterfaceOrientationLandscapeLeft UIInterfaceOrientationLandscapeRight";
				LD_RUNPATH_SEARCH_PATHS = (
					"$(inherited)",
					"@executable_path/Frameworks",
				);
				MARKETING_VERSION = 1.0;
				PRODUCT_BUNDLE_IDENTIFIER = dev.bchen.OceanPlasticsDemo;
				PRODUCT_NAME = "$(TARGET_NAME)";
				SWIFT_EMIT_LOC_STRINGS = YES;
				SWIFT_VERSION = 5.0;
				TARGETED_DEVICE_FAMILY = "1,2";
			};
			name = Debug;
		};
		209081FC2BA8B9B300441F30 /* Release */ = {
			isa = XCBuildConfiguration;
			buildSettings = {
				ASSETCATALOG_COMPILER_APPICON_NAME = AppIcon;
				ASSETCATALOG_COMPILER_GLOBAL_ACCENT_COLOR_NAME = AccentColor;
				CODE_SIGN_STYLE = Automatic;
				CURRENT_PROJECT_VERSION = 1;
				DEVELOPMENT_ASSET_PATHS = "\"OceanPlasticsDemo/Preview Content\"";
				DEVELOPMENT_TEAM = 4A9XHUS87Q;
				ENABLE_PREVIEWS = YES;
				GENERATE_INFOPLIST_FILE = YES;
				INFOPLIST_KEY_UIApplicationSceneManifest_Generation = YES;
				INFOPLIST_KEY_UIApplicationSupportsIndirectInputEvents = YES;
				INFOPLIST_KEY_UILaunchScreen_Generation = YES;
				INFOPLIST_KEY_UISupportedInterfaceOrientations_iPad = "UIInterfaceOrientationPortrait UIInterfaceOrientationPortraitUpsideDown UIInterfaceOrientationLandscapeLeft UIInterfaceOrientationLandscapeRight";
				INFOPLIST_KEY_UISupportedInterfaceOrientations_iPhone = "UIInterfaceOrientationPortrait UIInterfaceOrientationLandscapeLeft UIInterfaceOrientationLandscapeRight";
				LD_RUNPATH_SEARCH_PATHS = (
					"$(inherited)",
					"@executable_path/Frameworks",
				);
				MARKETING_VERSION = 1.0;
				PRODUCT_BUNDLE_IDENTIFIER = dev.bchen.OceanPlasticsDemo;
				PRODUCT_NAME = "$(TARGET_NAME)";
				SWIFT_EMIT_LOC_STRINGS = YES;
				SWIFT_VERSION = 5.0;
				TARGETED_DEVICE_FAMILY = "1,2";
			};
			name = Release;
		};
/* End XCBuildConfiguration section */

/* Begin XCConfigurationList section */
		209081E52BA8B9B200441F30 /* Build configuration list for PBXProject "OceanPlasticsDemo" */ = {
			isa = XCConfigurationList;
			buildConfigurations = (
				209081F82BA8B9B300441F30 /* Debug */,
				209081F92BA8B9B300441F30 /* Release */,
			);
			defaultConfigurationIsVisible = 0;
			defaultConfigurationName = Release;
		};
		209081FA2BA8B9B300441F30 /* Build configuration list for PBXNativeTarget "OceanPlasticsDemo" */ = {
			isa = XCConfigurationList;
			buildConfigurations = (
				209081FB2BA8B9B300441F30 /* Debug */,
				209081FC2BA8B9B300441F30 /* Release */,
			);
			defaultConfigurationIsVisible = 0;
			defaultConfigurationName = Release;
		};
/* End XCConfigurationList section */
	};
	rootObject = 209081E22BA8B9B200441F30 /* Project object */;
}
